
Microsoft Visual Studio Solution File, Format Version 12.00
# Visual Studio Version 17
VisualStudioVersion = 17.4.33213.308
MinimumVisualStudioVersion = 10.0.40219.1
Project("{FAE04EC0-301F-11D3-BF4B-00C04F79EFBC}") = "SoftUni", "SoftUni\SoftUni.csproj", "{194F307F-8AE4-4C91-8BC0-E5D6EF9AAADB}"
EndProject
Global
	GlobalSection(SolutionConfigurationPlatforms) = preSolution
		Debug|Any CPU = Debug|Any CPU
		Release|Any CPU = Release|Any CPU
	EndGlobalSection
	GlobalSection(ProjectConfigurationPlatforms) = postSolution
		{194F307F-8AE4-4C91-8BC0-E5D6EF9AAADB}.Debug|Any CPU.ActiveCfg = Debug|Any CPU
		{194F307F-8AE4-4C91-8BC0-E5D6EF9AAADB}.Debug|Any CPU.Build.0 = Debug|Any CPU
		{194F307F-8AE4-4C91-8BC0-E5D6EF9AAADB}.Release|Any CPU.ActiveCfg = Release|Any CPU
		{194F307F-8AE4-4C91-8BC0-E5D6EF9AAADB}.Release|Any CPU.Build.0 = Release|Any CPU
	EndGlobalSection
	GlobalSection(SolutionProperties) = preSolution
		HideSolutionNode = FALSE
	EndGlobalSection
	GlobalSection(ExtensibilityGlobals) = postSolution
		SolutionGuid = {F2116E14-D412-4DF6-8A1D-A123871B5130}
	EndGlobalSection
EndGlobal
